
Microsoft Visual Studio Solution File, Format Version 12.00
# Visual Studio Version 17
VisualStudioVersion = 17.11.35327.3
MinimumVisualStudioVersion = 10.0.40219.1
Project("{FAE04EC0-301F-11D3-BF4B-00C04F79EFBC}") = "NetworkFundamentals", "NetworkFundamentals\NetworkFundamentals.csproj", "{9AB67050-BD59-44A3-B53E-7DB86967899A}"
EndProject
Global
	GlobalSection(SolutionConfigurationPlatforms) = preSolution
		Debug|Any CPU = Debug|Any CPU
		Release|Any CPU = Release|Any CPU
	EndGlobalSection
	GlobalSection(ProjectConfigurationPlatforms) = postSolution
		{9AB67050-BD59-44A3-B53E-7DB86967899A}.Debug|Any CPU.ActiveCfg = Debug|Any CPU
		{9AB67050-BD59-44A3-B53E-7DB86967899A}.Debug|Any CPU.Build.0 = Debug|Any CPU
		{9AB67050-BD59-44A3-B53E-7DB86967899A}.Release|Any CPU.ActiveCfg = Release|Any CPU
		{9AB67050-BD59-44A3-B53E-7DB86967899A}.Release|Any CPU.Build.0 = Release|Any CPU
	EndGlobalSection
	GlobalSection(SolutionProperties) = preSolution
		HideSolutionNode = FALSE
	EndGlobalSection
	GlobalSection(ExtensibilityGlobals) = postSolution
		SolutionGuid = {BE4F2B1E-60EA-445F-8536-0A7C4FA1BF6D}
	EndGlobalSection
EndGlobal
